<?xml version="1.0" encoding="utf-8"?>
<Project ToolsVersion="4.0" xmlns="http://schemas.microsoft.com/developer/msbuild/2003">
  <ItemGroup>
    <ClInclude Include="..\include\global.h" />
    <ClInclude Include="..\include\SysTools.h" />
    <ClInclude Include="targetver.h" />
    <ClInclude Include="..\include\TimeVolumeIO.h" />
    <ClInclude Include="..\include\Utils.h" />
    <ClInclude Include="Statistics.h" />
    <ClInclude Include="..\include\Vec.h" />
    <ClInclude Include="..\include\TimeVolumeInfo.h" />
    <ClInclude Include="..\include\FilePool.h" />
    <ClInclude Include="..\include\LargeArray3D.h" />
    <ClInclude Include="..\include\TimerCPU.h" />
    <ClInclude Include="..\include\MemUtils.h" />
    <ClInclude Include="..\include\cudaCompress\BitStream.h">
      <Filter>cudaCompress</Filter>
    </ClInclude>
    <ClInclude Include="..\include\cudaCompress\Encode.h">
      <Filter>cudaCompress</Filter>
    </ClInclude>
    <ClInclude Include="..\include\cudaCompress\EncodeCommon.h">
      <Filter>cudaCompress</Filter>
    </ClInclude>
    <ClInclude Include="..\include\cudaCompress\global.h">
      <Filter>cudaCompress</Filter>
    </ClInclude>
    <ClInclude Include="..\include\cudaCompress\Init.h">
      <Filter>cudaCompress</Filter>
    </ClInclude>
    <ClInclude Include="..\include\cudaCompress\Timing.h">
      <Filter>cudaCompress</Filter>
    </ClInclude>
    <ClInclude Include="..\include\cudaCompress\util\Bits.h">
      <Filter>cudaCompress\util</Filter>
    </ClInclude>
    <ClInclude Include="..\include\cudaCompress\util\CudaTimer.h">
      <Filter>cudaCompress\util</Filter>
    </ClInclude>
    <ClInclude Include="..\include\cudaCompress\util\DWT.h">
      <Filter>cudaCompress\util</Filter>
    </ClInclude>
    <ClInclude Include="..\include\cudaCompress\util\Quantize.h">
      <Filter>cudaCompress\util</Filter>
    </ClInclude>
    <ClInclude Include="..\include\cudaCompress\util\YCoCg.h">
      <Filter>cudaCompress\util</Filter>
    </ClInclude>
    <ClInclude Include="..\include\CompressVolume.h" />
    <ClInclude Include="..\include\GPUResources.h" />
    <ClInclude Include="..\include\tclap\Arg.h">
      <Filter>TCLAP</Filter>
    </ClInclude>
    <ClInclude Include="..\include\tclap\ArgException.h">
      <Filter>TCLAP</Filter>
    </ClInclude>
    <ClInclude Include="..\include\tclap\ArgTraits.h">
      <Filter>TCLAP</Filter>
    </ClInclude>
    <ClInclude Include="..\include\tclap\CmdLine.h">
      <Filter>TCLAP</Filter>
    </ClInclude>
    <ClInclude Include="..\include\tclap\CmdLineInterface.h">
      <Filter>TCLAP</Filter>
    </ClInclude>
    <ClInclude Include="..\include\tclap\CmdLineOutput.h">
      <Filter>TCLAP</Filter>
    </ClInclude>
    <ClInclude Include="..\include\tclap\Constraint.h">
      <Filter>TCLAP</Filter>
    </ClInclude>
    <ClInclude Include="..\include\tclap\DocBookOutput.h">
      <Filter>TCLAP</Filter>
    </ClInclude>
    <ClInclude Include="..\include\tclap\HelpVisitor.h">
      <Filter>TCLAP</Filter>
    </ClInclude>
    <ClInclude Include="..\include\tclap\IgnoreRestVisitor.h">
      <Filter>TCLAP</Filter>
    </ClInclude>
    <ClInclude Include="..\include\tclap\MultiArg.h">
      <Filter>TCLAP</Filter>
    </ClInclude>
    <ClInclude Include="..\include\tclap\MultiSwitchArg.h">
      <Filter>TCLAP</Filter>
    </ClInclude>
    <ClInclude Include="..\include\tclap\OptionalUnlabeledTracker.h">
      <Filter>TCLAP</Filter>
    </ClInclude>
    <ClInclude Include="..\include\tclap\StandardTraits.h">
      <Filter>TCLAP</Filter>
    </ClInclude>
    <ClInclude Include="..\include\tclap\StdOutput.h">
      <Filter>TCLAP</Filter>
    </ClInclude>
    <ClInclude Include="..\include\tclap\SwitchArg.h">
      <Filter>TCLAP</Filter>
    </ClInclude>
    <ClInclude Include="..\include\tclap\UnlabeledMultiArg.h">
      <Filter>TCLAP</Filter>
    </ClInclude>
    <ClInclude Include="..\include\tclap\UnlabeledValueArg.h">
      <Filter>TCLAP</Filter>
    </ClInclude>
    <ClInclude Include="..\include\tclap\ValueArg.h">
      <Filter>TCLAP</Filter>
    </ClInclude>
    <ClInclude Include="..\include\tclap\ValuesConstraint.h">
      <Filter>TCLAP</Filter>
    </ClInclude>
    <ClInclude Include="..\include\tclap\VersionVisitor.h">
      <Filter>TCLAP</Filter>
    </ClInclude>
    <ClInclude Include="..\include\tclap\Visitor.h">
      <Filter>TCLAP</Filter>
    </ClInclude>
    <ClInclude Include="..\include\tclap\XorHandler.h">
      <Filter>TCLAP</Filter>
    </ClInclude>
    <ClInclude Include="..\include\tclap\ZshCompletionOutput.h">
      <Filter>TCLAP</Filter>
    </ClInclude>
    <ClInclude Include="..\include\Json\Json.h">
      <Filter>Json</Filter>
    </ClInclude>
    <ClInclude Include="..\include\Json\json_st.hh">
      <Filter>Json</Filter>
    </ClInclude>
    <ClInclude Include="MeasuresGPU.h" />
    <ClInclude Include="..\Renderer\Measures.cuh" />
    <ClInclude Include="MMapFile.h" />
    <ClInclude Include="FileSliceLoader.h" />
  </ItemGroup>
  <ItemGroup>
    <ClCompile Include="..\shared\TimeVolumeIO.cpp" />
    <ClCompile Include="Preprocessor.cpp" />
    <ClCompile Include="..\shared\SysTools.cpp" />
    <ClCompile Include="Statistics.cpp" />
    <ClCompile Include="..\shared\TimeVolumeInfo.cpp" />
    <ClCompile Include="..\shared\FilePool.cpp" />
    <ClCompile Include="..\shared\TimerCPU.cpp" />
    <ClCompile Include="..\shared\CompressVolume.cpp" />
    <ClCompile Include="..\shared\GPUResources.cpp" />
    <ClCompile Include="..\include\Json\Json.cpp">
      <Filter>Json</Filter>
    </ClCompile>
    <ClCompile Include="..\include\Json\Json_st.cc">
      <Filter>Json</Filter>
    </ClCompile>
    <ClCompile Include="..\Renderer\Measure.cpp" />
    <ClCompile Include="MMapFile.cpp" />
    <ClCompile Include="FileSliceLoader.cpp" />
  </ItemGroup>
  <ItemGroup>
    <Filter Include="cudaCompress">
      <UniqueIdentifier>{303003ea-4d10-44c0-89d8-0b03526c0287}</UniqueIdentifier>
    </Filter>
    <Filter Include="cudaCompress\util">
      <UniqueIdentifier>{3461c7aa-8ade-4ecf-91e1-cbba8a07fa87}</UniqueIdentifier>
    </Filter>
    <Filter Include="TCLAP">
      <UniqueIdentifier>{62f3bdf1-ac80-4b0d-8bc5-179d58492e67}</UniqueIdentifier>
    </Filter>
    <Filter Include="Json">
      <UniqueIdentifier>{d7fec3f0-079e-4485-b77e-70d323f10ac9}</UniqueIdentifier>
    </Filter>
  </ItemGroup>
  <ItemGroup>
    <CudaCompile Include="MeasuresGPU.cu" />
    <CudaCompile Include="..\Renderer\Measures.cu" />
  </ItemGroup>
</Project>